{
  "name": "mapx",
  "lockfileVersion": 2,
  "requires": true,
  "packages": {
    "": {
      "dependencies": {
        "luxon": "^3.4.4"
      }
    },
    "node_modules/luxon": {
      "version": "3.4.4",
      "resolved": "https://registry.npmjs.org/luxon/-/luxon-3.4.4.tgz",
      "integrity": "sha512-zobTr7akeGHnv7eBOXcRgMeCP6+uyYsczwmeRCauvpvaAltgNyTbLH/+VaEAPUeWBT+1GuNmz4wC/6jtQzbbVA==",
      "engines": {
        "node": ">=12"
      }
    }
  },
  "dependencies": {
    "luxon": {
      "version": "3.4.4",
      "resolved": "https://registry.npmjs.org/luxon/-/luxon-3.4.4.tgz",
      "integrity": "sha512-zobTr7akeGHnv7eBOXcRgMeCP6+uyYsczwmeRCauvpvaAltgNyTbLH/+VaEAPUeWBT+1GuNmz4wC/6jtQzbbVA=="
    }
  }
}
