{
  "name": "search",
  "version": "1.0.0",
  "lockfileVersion": 1,
  "requires": true,
  "dependencies": {
    "cross-fetch": {
      "version": "3.1.4",
      "resolved": "https://registry.npmjs.org/cross-fetch/-/cross-fetch-3.1.4.tgz",
      "integrity": "sha512-1eAtFWdIubi6T4XPy6ei9iUFoKpUkIF971QLN8lIvvvwueI65+Nw5haMNKUwfJxabqlIIDODJKGrQ66gxC0PbQ==",
      "requires": {
        "node-fetch": "2.6.1"
      }
    },
    "meilisearch": {
      "version": "0.18.1",
      "resolved": "https://registry.npmjs.org/meilisearch/-/meilisearch-0.18.1.tgz",
      "integrity": "sha512-eGdcx5/0ktj5I2vC/bNbHg3ORuq9nh++fA39t03nG31J1SoFJmnx3Z0r83Q/yrfA+hAP/qhCI/6B8dHMEcCQJg==",
      "requires": {
        "cross-fetch": "^3.0.5"
      }
    },
    "node-fetch": {
      "version": "2.6.1",
      "resolved": "https://registry.npmjs.org/node-fetch/-/node-fetch-2.6.1.tgz",
      "integrity": "sha512-V4aYg89jEoVRxRb2fJdAg8FHvI7cEyYdVAh94HH0UIK8oJxUfkjlDQN9RbMx+bEjP7+ggMiFRprSti032Oipxw=="
    }
  }
}
